// !$*UTF8*$!
{
	archiveVersion = 1;
	classes = {
	};
	objectVersion = 56;
	objects = {

/* Begin PBXBuildFile section */
		2F54CAAE2A44B40C00E1B50C /* ExploreView.swift in Sources */ = {isa = PBXBuildFile; fileRef = 2F54CAAD2A44B40C00E1B50C /* ExploreView.swift */; };
		2F54CAB02A44B42400E1B50C /* SettingsView.swift in Sources */ = {isa = PBXBuildFile; fileRef = 2F54CAAF2A44B42400E1B50C /* SettingsView.swift */; };
		2F54CAB22A44BFCE00E1B50C /* ContentView.swift in Sources */ = {isa = PBXBuildFile; fileRef = 2F54CAB12A44BFCE00E1B50C /* ContentView.swift */; };
		2F54CABB2A4642A400E1B50C /* SheetView.swift in Sources */ = {isa = PBXBuildFile; fileRef = 2F54CABA2A4642A400E1B50C /* SheetView.swift */; };
		2FE4E2702A3A5F1200BA35CE /* EatalyticsApp.swift in Sources */ = {isa = PBXBuildFile; fileRef = 2FE4E26F2A3A5F1200BA35CE /* EatalyticsApp.swift */; };
		2FE4E2722A3A5F1200BA35CE /* Onboarding_1.swift in Sources */ = {isa = PBXBuildFile; fileRef = 2FE4E2712A3A5F1200BA35CE /* Onboarding_1.swift */; };
		2FE4E2742A3A5F1400BA35CE /* Assets.xcassets in Resources */ = {isa = PBXBuildFile; fileRef = 2FE4E2732A3A5F1400BA35CE /* Assets.xcassets */; };
		2FE4E2772A3A5F1400BA35CE /* Preview Assets.xcassets in Resources */ = {isa = PBXBuildFile; fileRef = 2FE4E2762A3A5F1400BA35CE /* Preview Assets.xcassets */; };
		2FE4E2812A3A5F1400BA35CE /* EatalyticsTests.swift in Sources */ = {isa = PBXBuildFile; fileRef = 2FE4E2802A3A5F1400BA35CE /* EatalyticsTests.swift */; };
		2FE4E28B2A3A5F1400BA35CE /* EatalyticsUITests.swift in Sources */ = {isa = PBXBuildFile; fileRef = 2FE4E28A2A3A5F1400BA35CE /* EatalyticsUITests.swift */; };
		2FE4E28D2A3A5F1400BA35CE /* EatalyticsUITestsLaunchTests.swift in Sources */ = {isa = PBXBuildFile; fileRef = 2FE4E28C2A3A5F1400BA35CE /* EatalyticsUITestsLaunchTests.swift */; };
		2FE4E29A2A3A665500BA35CE /* Urbanist.ttf in Resources */ = {isa = PBXBuildFile; fileRef = 2FE4E2992A3A665400BA35CE /* Urbanist.ttf */; };
		2FE4E29D2A3B6DD500BA35CE /* Onboarding_3.swift in Sources */ = {isa = PBXBuildFile; fileRef = 2FE4E29C2A3B6DD500BA35CE /* Onboarding_3.swift */; };
		2FE4E29F2A3B8A5E00BA35CE /* GoogleService-Info.plist in Resources */ = {isa = PBXBuildFile; fileRef = 2FE4E29E2A3B8A5D00BA35CE /* GoogleService-Info.plist */; };
		2FE4E2A22A3B8C8900BA35CE /* FirebaseAuth in Frameworks */ = {isa = PBXBuildFile; productRef = 2FE4E2A12A3B8C8900BA35CE /* FirebaseAuth */; };
		2FE4E2A42A3B8EF800BA35CE /* SignUpView.swift in Sources */ = {isa = PBXBuildFile; fileRef = 2FE4E2A32A3B8EF800BA35CE /* SignUpView.swift */; };
		2FE4E2A62A3BBBE100BA35CE /* AuthViewModel.swift in Sources */ = {isa = PBXBuildFile; fileRef = 2FE4E2A52A3BBBE100BA35CE /* AuthViewModel.swift */; };
		2FE4E2A82A3BBDA900BA35CE /* Dashboard.swift in Sources */ = {isa = PBXBuildFile; fileRef = 2FE4E2A72A3BBDA900BA35CE /* Dashboard.swift */; };
		2FE4E2AA2A3BCD3F00BA35CE /* SignInView.swift in Sources */ = {isa = PBXBuildFile; fileRef = 2FE4E2A92A3BCD3F00BA35CE /* SignInView.swift */; };
		463F62532A3B6E8200A2A29D /* WelcomeView.swift in Sources */ = {isa = PBXBuildFile; fileRef = 463F62522A3B6E8100A2A29D /* WelcomeView.swift */; };
		468DF9C32A45231300CE512B /* TaskViewModel.swift in Sources */ = {isa = PBXBuildFile; fileRef = 468DF9C22A45231300CE512B /* TaskViewModel.swift */; };
		468DF9C52A45235B00CE512B /* Task.swift in Sources */ = {isa = PBXBuildFile; fileRef = 468DF9C42A45235B00CE512B /* Task.swift */; };
		46A52E872A3E550600368C5F /* SetAGoal.swift in Sources */ = {isa = PBXBuildFile; fileRef = 46A52E862A3E550600368C5F /* SetAGoal.swift */; };
		46C6D1D62A3AAC9C002E0FFF /* Onboarding_2.swift in Sources */ = {isa = PBXBuildFile; fileRef = 46C6D1D52A3AAC9C002E0FFF /* Onboarding_2.swift */; };
/* End PBXBuildFile section */

/* Begin PBXContainerItemProxy section */
		2FE4E27D2A3A5F1400BA35CE /* PBXContainerItemProxy */ = {
			isa = PBXContainerItemProxy;
			containerPortal = 2FE4E2642A3A5F1100BA35CE /* Project object */;
			proxyType = 1;
			remoteGlobalIDString = 2FE4E26B2A3A5F1100BA35CE;
			remoteInfo = Eatalytics;
		};
		2FE4E2872A3A5F1400BA35CE /* PBXContainerItemProxy */ = {
			isa = PBXContainerItemProxy;
			containerPortal = 2FE4E2642A3A5F1100BA35CE /* Project object */;
			proxyType = 1;
			remoteGlobalIDString = 2FE4E26B2A3A5F1100BA35CE;
			remoteInfo = Eatalytics;
		};
/* End PBXContainerItemProxy section */

/* Begin PBXFileReference section */
		2F54CAAD2A44B40C00E1B50C /* ExploreView.swift */ = {isa = PBXFileReference; lastKnownFileType = sourcecode.swift; path = ExploreView.swift; sourceTree = "<group>"; };
		2F54CAAF2A44B42400E1B50C /* SettingsView.swift */ = {isa = PBXFileReference; lastKnownFileType = sourcecode.swift; path = SettingsView.swift; sourceTree = "<group>"; };
		2F54CAB12A44BFCE00E1B50C /* ContentView.swift */ = {isa = PBXFileReference; lastKnownFileType = sourcecode.swift; path = ContentView.swift; sourceTree = "<group>"; };
		2F54CABA2A4642A400E1B50C /* SheetView.swift */ = {isa = PBXFileReference; lastKnownFileType = sourcecode.swift; path = SheetView.swift; sourceTree = "<group>"; };
		2FAEAA062A3E4DE400D10DCE /* Inter.ttf */ = {isa = PBXFileReference; lastKnownFileType = file; path = Inter.ttf; sourceTree = "<group>"; };
		2FE4E26C2A3A5F1200BA35CE /* Eatalytics.app */ = {isa = PBXFileReference; explicitFileType = wrapper.application; includeInIndex = 0; path = Eatalytics.app; sourceTree = BUILT_PRODUCTS_DIR; };
		2FE4E26F2A3A5F1200BA35CE /* EatalyticsApp.swift */ = {isa = PBXFileReference; lastKnownFileType = sourcecode.swift; path = EatalyticsApp.swift; sourceTree = "<group>"; };
		2FE4E2712A3A5F1200BA35CE /* Onboarding_1.swift */ = {isa = PBXFileReference; lastKnownFileType = sourcecode.swift; path = Onboarding_1.swift; sourceTree = "<group>"; };
		2FE4E2732A3A5F1400BA35CE /* Assets.xcassets */ = {isa = PBXFileReference; lastKnownFileType = folder.assetcatalog; path = Assets.xcassets; sourceTree = "<group>"; };
		2FE4E2762A3A5F1400BA35CE /* Preview Assets.xcassets */ = {isa = PBXFileReference; lastKnownFileType = folder.assetcatalog; path = "Preview Assets.xcassets"; sourceTree = "<group>"; };
		2FE4E27C2A3A5F1400BA35CE /* EatalyticsTests.xctest */ = {isa = PBXFileReference; explicitFileType = wrapper.cfbundle; includeInIndex = 0; path = EatalyticsTests.xctest; sourceTree = BUILT_PRODUCTS_DIR; };
		2FE4E2802A3A5F1400BA35CE /* EatalyticsTests.swift */ = {isa = PBXFileReference; lastKnownFileType = sourcecode.swift; path = EatalyticsTests.swift; sourceTree = "<group>"; };
		2FE4E2862A3A5F1400BA35CE /* EatalyticsUITests.xctest */ = {isa = PBXFileReference; explicitFileType = wrapper.cfbundle; includeInIndex = 0; path = EatalyticsUITests.xctest; sourceTree = BUILT_PRODUCTS_DIR; };
		2FE4E28A2A3A5F1400BA35CE /* EatalyticsUITests.swift */ = {isa = PBXFileReference; lastKnownFileType = sourcecode.swift; path = EatalyticsUITests.swift; sourceTree = "<group>"; };
		2FE4E28C2A3A5F1400BA35CE /* EatalyticsUITestsLaunchTests.swift */ = {isa = PBXFileReference; lastKnownFileType = sourcecode.swift; path = EatalyticsUITestsLaunchTests.swift; sourceTree = "<group>"; };
		2FE4E2992A3A665400BA35CE /* Urbanist.ttf */ = {isa = PBXFileReference; lastKnownFileType = file; path = Urbanist.ttf; sourceTree = "<group>"; };
		2FE4E29B2A3A678900BA35CE /* Info.plist */ = {isa = PBXFileReference; lastKnownFileType = text.plist; path = Info.plist; sourceTree = "<group>"; };
		2FE4E29C2A3B6DD500BA35CE /* Onboarding_3.swift */ = {isa = PBXFileReference; lastKnownFileType = sourcecode.swift; path = Onboarding_3.swift; sourceTree = "<group>"; };
		2FE4E29E2A3B8A5D00BA35CE /* GoogleService-Info.plist */ = {isa = PBXFileReference; fileEncoding = 4; lastKnownFileType = text.plist.xml; path = "GoogleService-Info.plist"; sourceTree = "<group>"; };
		2FE4E2A32A3B8EF800BA35CE /* SignUpView.swift */ = {isa = PBXFileReference; lastKnownFileType = sourcecode.swift; path = SignUpView.swift; sourceTree = "<group>"; };
		2FE4E2A52A3BBBE100BA35CE /* AuthViewModel.swift */ = {isa = PBXFileReference; lastKnownFileType = sourcecode.swift; path = AuthViewModel.swift; sourceTree = "<group>"; };
		2FE4E2A72A3BBDA900BA35CE /* Dashboard.swift */ = {isa = PBXFileReference; lastKnownFileType = sourcecode.swift; path = Dashboard.swift; sourceTree = "<group>"; };
		2FE4E2A92A3BCD3F00BA35CE /* SignInView.swift */ = {isa = PBXFileReference; lastKnownFileType = sourcecode.swift; path = SignInView.swift; sourceTree = "<group>"; };
		463F62522A3B6E8100A2A29D /* WelcomeView.swift */ = {isa = PBXFileReference; lastKnownFileType = sourcecode.swift; path = WelcomeView.swift; sourceTree = "<group>"; };
		468DF9C22A45231300CE512B /* TaskViewModel.swift */ = {isa = PBXFileReference; lastKnownFileType = sourcecode.swift; path = TaskViewModel.swift; sourceTree = "<group>"; };
		468DF9C42A45235B00CE512B /* Task.swift */ = {isa = PBXFileReference; lastKnownFileType = sourcecode.swift; path = Task.swift; sourceTree = "<group>"; };
		46A52E862A3E550600368C5F /* SetAGoal.swift */ = {isa = PBXFileReference; lastKnownFileType = sourcecode.swift; path = SetAGoal.swift; sourceTree = "<group>"; };
		46C6D1D52A3AAC9C002E0FFF /* Onboarding_2.swift */ = {isa = PBXFileReference; lastKnownFileType = sourcecode.swift; path = Onboarding_2.swift; sourceTree = "<group>"; };
/* End PBXFileReference section */

/* Begin PBXFrameworksBuildPhase section */
		2FE4E2692A3A5F1100BA35CE /* Frameworks */ = {
			isa = PBXFrameworksBuildPhase;
			buildActionMask = 2147483647;
			files = (
				2FE4E2A22A3B8C8900BA35CE /* FirebaseAuth in Frameworks */,
			);
			runOnlyForDeploymentPostprocessing = 0;
		};
		2FE4E2792A3A5F1400BA35CE /* Frameworks */ = {
			isa = PBXFrameworksBuildPhase;
			buildActionMask = 2147483647;
			files = (
			);
			runOnlyForDeploymentPostprocessing = 0;
		};
		2FE4E2832A3A5F1400BA35CE /* Frameworks */ = {
			isa = PBXFrameworksBuildPhase;
			buildActionMask = 2147483647;
			files = (
			);
			runOnlyForDeploymentPostprocessing = 0;
		};
/* End PBXFrameworksBuildPhase section */

/* Begin PBXGroup section */
		2FE4E2632A3A5F1100BA35CE = {
			isa = PBXGroup;
			children = (
				2FE4E26E2A3A5F1200BA35CE /* Eatalytics */,
				2FE4E27F2A3A5F1400BA35CE /* EatalyticsTests */,
				2FE4E2892A3A5F1400BA35CE /* EatalyticsUITests */,
				2FE4E26D2A3A5F1200BA35CE /* Products */,
			);
			sourceTree = "<group>";
		};
		2FE4E26D2A3A5F1200BA35CE /* Products */ = {
			isa = PBXGroup;
			children = (
				2FE4E26C2A3A5F1200BA35CE /* Eatalytics.app */,
				2FE4E27C2A3A5F1400BA35CE /* EatalyticsTests.xctest */,
				2FE4E2862A3A5F1400BA35CE /* EatalyticsUITests.xctest */,
			);
			name = Products;
			sourceTree = "<group>";
		};
		2FE4E26E2A3A5F1200BA35CE /* Eatalytics */ = {
			isa = PBXGroup;
			children = (
				2FE4E29B2A3A678900BA35CE /* Info.plist */,
				2FE4E2A52A3BBBE100BA35CE /* AuthViewModel.swift */,
				46A52E862A3E550600368C5F /* SetAGoal.swift */,
				2FE4E26F2A3A5F1200BA35CE /* EatalyticsApp.swift */,
				463F62522A3B6E8100A2A29D /* WelcomeView.swift */,
				2FE4E2712A3A5F1200BA35CE /* Onboarding_1.swift */,
				46C6D1D52A3AAC9C002E0FFF /* Onboarding_2.swift */,
				2FE4E29C2A3B6DD500BA35CE /* Onboarding_3.swift */,
				2FE4E2A32A3B8EF800BA35CE /* SignUpView.swift */,
				2FE4E2A92A3BCD3F00BA35CE /* SignInView.swift */,
				2F54CAB12A44BFCE00E1B50C /* ContentView.swift */,
				2FE4E2A72A3BBDA900BA35CE /* Dashboard.swift */,
				468DF9C22A45231300CE512B /* TaskViewModel.swift */,
				468DF9C42A45235B00CE512B /* Task.swift */,
				2F54CAAD2A44B40C00E1B50C /* ExploreView.swift */,
				2F54CAAF2A44B42400E1B50C /* SettingsView.swift */,
				2FAEAA062A3E4DE400D10DCE /* Inter.ttf */,
				2F54CABA2A4642A400E1B50C /* SheetView.swift */,
				2FE4E2992A3A665400BA35CE /* Urbanist.ttf */,
				2FE4E2732A3A5F1400BA35CE /* Assets.xcassets */,
				2FE4E29E2A3B8A5D00BA35CE /* GoogleService-Info.plist */,
				2FE4E2752A3A5F1400BA35CE /* Preview Content */,
			);
			path = Eatalytics;
			sourceTree = "<group>";
		};
		2FE4E2752A3A5F1400BA35CE /* Preview Content */ = {
			isa = PBXGroup;
			children = (
				2FE4E2762A3A5F1400BA35CE /* Preview Assets.xcassets */,
			);
			path = "Preview Content";
			sourceTree = "<group>";
		};
		2FE4E27F2A3A5F1400BA35CE /* EatalyticsTests */ = {
			isa = PBXGroup;
			children = (
				2FE4E2802A3A5F1400BA35CE /* EatalyticsTests.swift */,
			);
			path = EatalyticsTests;
			sourceTree = "<group>";
		};
		2FE4E2892A3A5F1400BA35CE /* EatalyticsUITests */ = {
			isa = PBXGroup;
			children = (
				2FE4E28A2A3A5F1400BA35CE /* EatalyticsUITests.swift */,
				2FE4E28C2A3A5F1400BA35CE /* EatalyticsUITestsLaunchTests.swift */,
			);
			path = EatalyticsUITests;
			sourceTree = "<group>";
		};
/* End PBXGroup section */

/* Begin PBXNativeTarget section */
		2FE4E26B2A3A5F1100BA35CE /* Eatalytics */ = {
			isa = PBXNativeTarget;
			buildConfigurationList = 2FE4E2902A3A5F1400BA35CE /* Build configuration list for PBXNativeTarget "Eatalytics" */;
			buildPhases = (
				2FE4E2682A3A5F1100BA35CE /* Sources */,
				2FE4E2692A3A5F1100BA35CE /* Frameworks */,
				2FE4E26A2A3A5F1100BA35CE /* Resources */,
			);
			buildRules = (
			);
			dependencies = (
			);
			name = Eatalytics;
			packageProductDependencies = (
				2FE4E2A12A3B8C8900BA35CE /* FirebaseAuth */,
			);
			productName = Eatalytics;
			productReference = 2FE4E26C2A3A5F1200BA35CE /* Eatalytics.app */;
			productType = "com.apple.product-type.application";
		};
		2FE4E27B2A3A5F1400BA35CE /* EatalyticsTests */ = {
			isa = PBXNativeTarget;
			buildConfigurationList = 2FE4E2932A3A5F1400BA35CE /* Build configuration list for PBXNativeTarget "EatalyticsTests" */;
			buildPhases = (
				2FE4E2782A3A5F1400BA35CE /* Sources */,
				2FE4E2792A3A5F1400BA35CE /* Frameworks */,
				2FE4E27A2A3A5F1400BA35CE /* Resources */,
			);
			buildRules = (
			);
			dependencies = (
				2FE4E27E2A3A5F1400BA35CE /* PBXTargetDependency */,
			);
			name = EatalyticsTests;
			productName = EatalyticsTests;
			productReference = 2FE4E27C2A3A5F1400BA35CE /* EatalyticsTests.xctest */;
			productType = "com.apple.product-type.bundle.unit-test";
		};
		2FE4E2852A3A5F1400BA35CE /* EatalyticsUITests */ = {
			isa = PBXNativeTarget;
			buildConfigurationList = 2FE4E2962A3A5F1400BA35CE /* Build configuration list for PBXNativeTarget "EatalyticsUITests" */;
			buildPhases = (
				2FE4E2822A3A5F1400BA35CE /* Sources */,
				2FE4E2832A3A5F1400BA35CE /* Frameworks */,
				2FE4E2842A3A5F1400BA35CE /* Resources */,
			);
			buildRules = (
			);
			dependencies = (
				2FE4E2882A3A5F1400BA35CE /* PBXTargetDependency */,
			);
			name = EatalyticsUITests;
			productName = EatalyticsUITests;
			productReference = 2FE4E2862A3A5F1400BA35CE /* EatalyticsUITests.xctest */;
			productType = "com.apple.product-type.bundle.ui-testing";
		};
/* End PBXNativeTarget section */

/* Begin PBXProject section */
		2FE4E2642A3A5F1100BA35CE /* Project object */ = {
			isa = PBXProject;
			attributes = {
				BuildIndependentTargetsInParallel = 1;
				LastSwiftUpdateCheck = 1430;
				LastUpgradeCheck = 1430;
				TargetAttributes = {
					2FE4E26B2A3A5F1100BA35CE = {
						CreatedOnToolsVersion = 14.3.1;
					};
					2FE4E27B2A3A5F1400BA35CE = {
						CreatedOnToolsVersion = 14.3.1;
						TestTargetID = 2FE4E26B2A3A5F1100BA35CE;
					};
					2FE4E2852A3A5F1400BA35CE = {
						CreatedOnToolsVersion = 14.3.1;
						TestTargetID = 2FE4E26B2A3A5F1100BA35CE;
					};
				};
			};
			buildConfigurationList = 2FE4E2672A3A5F1100BA35CE /* Build configuration list for PBXProject "Eatalytics" */;
			compatibilityVersion = "Xcode 14.0";
			developmentRegion = en;
			hasScannedForEncodings = 0;
			knownRegions = (
				en,
				Base,
			);
			mainGroup = 2FE4E2632A3A5F1100BA35CE;
			packageReferences = (
				2FE4E2A02A3B8C8900BA35CE /* XCRemoteSwiftPackageReference "firebase-ios-sdk" */,
			);
			productRefGroup = 2FE4E26D2A3A5F1200BA35CE /* Products */;
			projectDirPath = "";
			projectRoot = "";
			targets = (
				2FE4E26B2A3A5F1100BA35CE /* Eatalytics */,
				2FE4E27B2A3A5F1400BA35CE /* EatalyticsTests */,
				2FE4E2852A3A5F1400BA35CE /* EatalyticsUITests */,
			);
		};
/* End PBXProject section */

/* Begin PBXResourcesBuildPhase section */
		2FE4E26A2A3A5F1100BA35CE /* Resources */ = {
			isa = PBXResourcesBuildPhase;
			buildActionMask = 2147483647;
			files = (
				2FE4E2772A3A5F1400BA35CE /* Preview Assets.xcassets in Resources */,
				2FE4E29F2A3B8A5E00BA35CE /* GoogleService-Info.plist in Resources */,
				2FE4E2742A3A5F1400BA35CE /* Assets.xcassets in Resources */,
				2FE4E29A2A3A665500BA35CE /* Urbanist.ttf in Resources */,
			);
			runOnlyForDeploymentPostprocessing = 0;
		};
		2FE4E27A2A3A5F1400BA35CE /* Resources */ = {
			isa = PBXResourcesBuildPhase;
			buildActionMask = 2147483647;
			files = (
			);
			runOnlyForDeploymentPostprocessing = 0;
		};
		2FE4E2842A3A5F1400BA35CE /* Resources */ = {
			isa = PBXResourcesBuildPhase;
			buildActionMask = 2147483647;
			files = (
			);
			runOnlyForDeploymentPostprocessing = 0;
		};
/* End PBXResourcesBuildPhase section */

/* Begin PBXSourcesBuildPhase section */
		2FE4E2682A3A5F1100BA35CE /* Sources */ = {
			isa = PBXSourcesBuildPhase;
			buildActionMask = 2147483647;
			files = (
				2FE4E2722A3A5F1200BA35CE /* Onboarding_1.swift in Sources */,
				468DF9C32A45231300CE512B /* TaskViewModel.swift in Sources */,
				463F62532A3B6E8200A2A29D /* WelcomeView.swift in Sources */,
				2F54CAB22A44BFCE00E1B50C /* ContentView.swift in Sources */,
				2FE4E2A82A3BBDA900BA35CE /* Dashboard.swift in Sources */,
				2FE4E2702A3A5F1200BA35CE /* EatalyticsApp.swift in Sources */,
				2FE4E2A62A3BBBE100BA35CE /* AuthViewModel.swift in Sources */,
				468DF9C52A45235B00CE512B /* Task.swift in Sources */,
				2FE4E29D2A3B6DD500BA35CE /* Onboarding_3.swift in Sources */,
				46C6D1D62A3AAC9C002E0FFF /* Onboarding_2.swift in Sources */,
				2FE4E2A42A3B8EF800BA35CE /* SignUpView.swift in Sources */,
				2FE4E2AA2A3BCD3F00BA35CE /* SignInView.swift in Sources */,
				2F54CAAE2A44B40C00E1B50C /* ExploreView.swift in Sources */,
				46A52E872A3E550600368C5F /* SetAGoal.swift in Sources */,
				2F54CABB2A4642A400E1B50C /* SheetView.swift in Sources */,
				2F54CAB02A44B42400E1B50C /* SettingsView.swift in Sources */,
			);
			runOnlyForDeploymentPostprocessing = 0;
		};
		2FE4E2782A3A5F1400BA35CE /* Sources */ = {
			isa = PBXSourcesBuildPhase;
			buildActionMask = 2147483647;
			files = (
				2FE4E2812A3A5F1400BA35CE /* EatalyticsTests.swift in Sources */,
			);
			runOnlyForDeploymentPostprocessing = 0;
		};
		2FE4E2822A3A5F1400BA35CE /* Sources */ = {
			isa = PBXSourcesBuildPhase;
			buildActionMask = 2147483647;
			files = (
				2FE4E28B2A3A5F1400BA35CE /* EatalyticsUITests.swift in Sources */,
				2FE4E28D2A3A5F1400BA35CE /* EatalyticsUITestsLaunchTests.swift in Sources */,
			);
			runOnlyForDeploymentPostprocessing = 0;
		};
/* End PBXSourcesBuildPhase section */

/* Begin PBXTargetDependency section */
		2FE4E27E2A3A5F1400BA35CE /* PBXTargetDependency */ = {
			isa = PBXTargetDependency;
			target = 2FE4E26B2A3A5F1100BA35CE /* Eatalytics */;
			targetProxy = 2FE4E27D2A3A5F1400BA35CE /* PBXContainerItemProxy */;
		};
		2FE4E2882A3A5F1400BA35CE /* PBXTargetDependency */ = {
			isa = PBXTargetDependency;
			target = 2FE4E26B2A3A5F1100BA35CE /* Eatalytics */;
			targetProxy = 2FE4E2872A3A5F1400BA35CE /* PBXContainerItemProxy */;
		};
/* End PBXTargetDependency section */

/* Begin XCBuildConfiguration section */
		2FE4E28E2A3A5F1400BA35CE /* Debug */ = {
			isa = XCBuildConfiguration;
			buildSettings = {
				ALWAYS_SEARCH_USER_PATHS = NO;
				CLANG_ANALYZER_NONNULL = YES;
				CLANG_ANALYZER_NUMBER_OBJECT_CONVERSION = YES_AGGRESSIVE;
				CLANG_CXX_LANGUAGE_STANDARD = "gnu++20";
				CLANG_ENABLE_MODULES = YES;
				CLANG_ENABLE_OBJC_ARC = YES;
				CLANG_ENABLE_OBJC_WEAK = YES;
				CLANG_WARN_BLOCK_CAPTURE_AUTORELEASING = YES;
				CLANG_WARN_BOOL_CONVERSION = YES;
				CLANG_WARN_COMMA = YES;
				CLANG_WARN_CONSTANT_CONVERSION = YES;
				CLANG_WARN_DEPRECATED_OBJC_IMPLEMENTATIONS = YES;
				CLANG_WARN_DIRECT_OBJC_ISA_USAGE = YES_ERROR;
				CLANG_WARN_DOCUMENTATION_COMMENTS = YES;
				CLANG_WARN_EMPTY_BODY = YES;
				CLANG_WARN_ENUM_CONVERSION = YES;
				CLANG_WARN_INFINITE_RECURSION = YES;
				CLANG_WARN_INT_CONVERSION = YES;
				CLANG_WARN_NON_LITERAL_NULL_CONVERSION = YES;
				CLANG_WARN_OBJC_IMPLICIT_RETAIN_SELF = YES;
				CLANG_WARN_OBJC_LITERAL_CONVERSION = YES;
				CLANG_WARN_OBJC_ROOT_CLASS = YES_ERROR;
				CLANG_WARN_QUOTED_INCLUDE_IN_FRAMEWORK_HEADER = YES;
				CLANG_WARN_RANGE_LOOP_ANALYSIS = YES;
				CLANG_WARN_STRICT_PROTOTYPES = YES;
				CLANG_WARN_SUSPICIOUS_MOVE = YES;
				CLANG_WARN_UNGUARDED_AVAILABILITY = YES_AGGRESSIVE;
				CLANG_WARN_UNREACHABLE_CODE = YES;
				CLANG_WARN__DUPLICATE_METHOD_MATCH = YES;
				COPY_PHASE_STRIP = NO;
				DEBUG_INFORMATION_FORMAT = dwarf;
				ENABLE_STRICT_OBJC_MSGSEND = YES;
				ENABLE_TESTABILITY = YES;
				GCC_C_LANGUAGE_STANDARD = gnu11;
				GCC_DYNAMIC_NO_PIC = NO;
				GCC_NO_COMMON_BLOCKS = YES;
				GCC_OPTIMIZATION_LEVEL = 0;
				GCC_PREPROCESSOR_DEFINITIONS = (
					"DEBUG=1",
					"$(inherited)",
				);
				GCC_WARN_64_TO_32_BIT_CONVERSION = YES;
				GCC_WARN_ABOUT_RETURN_TYPE = YES_ERROR;
				GCC_WARN_UNDECLARED_SELECTOR = YES;
				GCC_WARN_UNINITIALIZED_AUTOS = YES_AGGRESSIVE;
				GCC_WARN_UNUSED_FUNCTION = YES;
				GCC_WARN_UNUSED_VARIABLE = YES;
				IPHONEOS_DEPLOYMENT_TARGET = 16.4;
				MTL_ENABLE_DEBUG_INFO = INCLUDE_SOURCE;
				MTL_FAST_MATH = YES;
				ONLY_ACTIVE_ARCH = YES;
				SDKROOT = iphoneos;
				SWIFT_ACTIVE_COMPILATION_CONDITIONS = DEBUG;
				SWIFT_OPTIMIZATION_LEVEL = "-Onone";
			};
			name = Debug;
		};
		2FE4E28F2A3A5F1400BA35CE /* Release */ = {
			isa = XCBuildConfiguration;
			buildSettings = {
				ALWAYS_SEARCH_USER_PATHS = NO;
				CLANG_ANALYZER_NONNULL = YES;
				CLANG_ANALYZER_NUMBER_OBJECT_CONVERSION = YES_AGGRESSIVE;
				CLANG_CXX_LANGUAGE_STANDARD = "gnu++20";
				CLANG_ENABLE_MODULES = YES;
				CLANG_ENABLE_OBJC_ARC = YES;
				CLANG_ENABLE_OBJC_WEAK = YES;
				CLANG_WARN_BLOCK_CAPTURE_AUTORELEASING = YES;
				CLANG_WARN_BOOL_CONVERSION = YES;
				CLANG_WARN_COMMA = YES;
				CLANG_WARN_CONSTANT_CONVERSION = YES;
				CLANG_WARN_DEPRECATED_OBJC_IMPLEMENTATIONS = YES;
				CLANG_WARN_DIRECT_OBJC_ISA_USAGE = YES_ERROR;
				CLANG_WARN_DOCUMENTATION_COMMENTS = YES;
				CLANG_WARN_EMPTY_BODY = YES;
				CLANG_WARN_ENUM_CONVERSION = YES;
				CLANG_WARN_INFINITE_RECURSION = YES;
				CLANG_WARN_INT_CONVERSION = YES;
				CLANG_WARN_NON_LITERAL_NULL_CONVERSION = YES;
				CLANG_WARN_OBJC_IMPLICIT_RETAIN_SELF = YES;
				CLANG_WARN_OBJC_LITERAL_CONVERSION = YES;
				CLANG_WARN_OBJC_ROOT_CLASS = YES_ERROR;
				CLANG_WARN_QUOTED_INCLUDE_IN_FRAMEWORK_HEADER = YES;
				CLANG_WARN_RANGE_LOOP_ANALYSIS = YES;
				CLANG_WARN_STRICT_PROTOTYPES = YES;
				CLANG_WARN_SUSPICIOUS_MOVE = YES;
				CLANG_WARN_UNGUARDED_AVAILABILITY = YES_AGGRESSIVE;
				CLANG_WARN_UNREACHABLE_CODE = YES;
				CLANG_WARN__DUPLICATE_METHOD_MATCH = YES;
				COPY_PHASE_STRIP = NO;
				DEBUG_INFORMATION_FORMAT = "dwarf-with-dsym";
				ENABLE_NS_ASSERTIONS = NO;
				ENABLE_STRICT_OBJC_MSGSEND = YES;
				GCC_C_LANGUAGE_STANDARD = gnu11;
				GCC_NO_COMMON_BLOCKS = YES;
				GCC_WARN_64_TO_32_BIT_CONVERSION = YES;
				GCC_WARN_ABOUT_RETURN_TYPE = YES_ERROR;
				GCC_WARN_UNDECLARED_SELECTOR = YES;
				GCC_WARN_UNINITIALIZED_AUTOS = YES_AGGRESSIVE;
				GCC_WARN_UNUSED_FUNCTION = YES;
				GCC_WARN_UNUSED_VARIABLE = YES;
				IPHONEOS_DEPLOYMENT_TARGET = 16.4;
				MTL_ENABLE_DEBUG_INFO = NO;
				MTL_FAST_MATH = YES;
				SDKROOT = iphoneos;
				SWIFT_COMPILATION_MODE = wholemodule;
				SWIFT_OPTIMIZATION_LEVEL = "-O";
				VALIDATE_PRODUCT = YES;
			};
			name = Release;
		};
		2FE4E2912A3A5F1400BA35CE /* Debug */ = {
			isa = XCBuildConfiguration;
			buildSettings = {
				ASSETCATALOG_COMPILER_APPICON_NAME = AppIcon;
				ASSETCATALOG_COMPILER_GLOBAL_ACCENT_COLOR_NAME = AccentColor;
				CODE_SIGN_STYLE = Automatic;
				CURRENT_PROJECT_VERSION = 1;
				DEVELOPMENT_ASSET_PATHS = "\"Eatalytics/Preview Content\"";
				DEVELOPMENT_TEAM = T9RZ63AQR5;
				ENABLE_PREVIEWS = YES;
				GENERATE_INFOPLIST_FILE = YES;
				INFOPLIST_FILE = Eatalytics/Info.plist;
				INFOPLIST_KEY_UIApplicationSceneManifest_Generation = YES;
				INFOPLIST_KEY_UIApplicationSupportsIndirectInputEvents = YES;
				INFOPLIST_KEY_UILaunchScreen_Generation = YES;
				INFOPLIST_KEY_UISupportedInterfaceOrientations_iPad = "UIInterfaceOrientationPortrait UIInterfaceOrientationPortraitUpsideDown UIInterfaceOrientationLandscapeLeft UIInterfaceOrientationLandscapeRight";
				INFOPLIST_KEY_UISupportedInterfaceOrientations_iPhone = "UIInterfaceOrientationPortrait UIInterfaceOrientationLandscapeLeft UIInterfaceOrientationLandscapeRight";
				IPHONEOS_DEPLOYMENT_TARGET = 16.0;
				LD_RUNPATH_SEARCH_PATHS = (
					"$(inherited)",
					"@executable_path/Frameworks",
				);
				MARKETING_VERSION = 1.0;
				PRODUCT_BUNDLE_IDENTIFIER = hm.Eatalytics;
				PRODUCT_NAME = "$(TARGET_NAME)";
				SWIFT_EMIT_LOC_STRINGS = YES;
				SWIFT_VERSION = 5.0;
				TARGETED_DEVICE_FAMILY = "1,2";
			};
			name = Debug;
		};
		2FE4E2922A3A5F1400BA35CE /* Release */ = {
			isa = XCBuildConfiguration;
			buildSettings = {
				ASSETCATALOG_COMPILER_APPICON_NAME = AppIcon;
				ASSETCATALOG_COMPILER_GLOBAL_ACCENT_COLOR_NAME = AccentColor;
				CODE_SIGN_STYLE = Automatic;
				CURRENT_PROJECT_VERSION = 1;
				DEVELOPMENT_ASSET_PATHS = "\"Eatalytics/Preview Content\"";
				DEVELOPMENT_TEAM = T9RZ63AQR5;
				ENABLE_PREVIEWS = YES;
				GENERATE_INFOPLIST_FILE = YES;
				INFOPLIST_FILE = Eatalytics/Info.plist;
				INFOPLIST_KEY_UIApplicationSceneManifest_Generation = YES;
				INFOPLIST_KEY_UIApplicationSupportsIndirectInputEvents = YES;
				INFOPLIST_KEY_UILaunchScreen_Generation = YES;
				INFOPLIST_KEY_UISupportedInterfaceOrientations_iPad = "UIInterfaceOrientationPortrait UIInterfaceOrientationPortraitUpsideDown UIInterfaceOrientationLandscapeLeft UIInterfaceOrientationLandscapeRight";
				INFOPLIST_KEY_UISupportedInterfaceOrientations_iPhone = "UIInterfaceOrientationPortrait UIInterfaceOrientationLandscapeLeft UIInterfaceOrientationLandscapeRight";
				IPHONEOS_DEPLOYMENT_TARGET = 16.0;
				LD_RUNPATH_SEARCH_PATHS = (
					"$(inherited)",
					"@executable_path/Frameworks",
				);
				MARKETING_VERSION = 1.0;
				PRODUCT_BUNDLE_IDENTIFIER = hm.Eatalytics;
				PRODUCT_NAME = "$(TARGET_NAME)";
				SWIFT_EMIT_LOC_STRINGS = YES;
				SWIFT_VERSION = 5.0;
				TARGETED_DEVICE_FAMILY = "1,2";
			};
			name = Release;
		};
		2FE4E2942A3A5F1400BA35CE /* Debug */ = {
			isa = XCBuildConfiguration;
			buildSettings = {
				ALWAYS_EMBED_SWIFT_STANDARD_LIBRARIES = YES;
				BUNDLE_LOADER = "$(TEST_HOST)";
				CODE_SIGN_STYLE = Automatic;
				CURRENT_PROJECT_VERSION = 1;
				DEVELOPMENT_TEAM = T9RZ63AQR5;
				GENERATE_INFOPLIST_FILE = YES;
				IPHONEOS_DEPLOYMENT_TARGET = 16.4;
				MARKETING_VERSION = 1.0;
				PRODUCT_BUNDLE_IDENTIFIER = hm.EatalyticsTests;
				PRODUCT_NAME = "$(TARGET_NAME)";
				SWIFT_EMIT_LOC_STRINGS = NO;
				SWIFT_VERSION = 5.0;
				TARGETED_DEVICE_FAMILY = "1,2";
				TEST_HOST = "$(BUILT_PRODUCTS_DIR)/Eatalytics.app/$(BUNDLE_EXECUTABLE_FOLDER_PATH)/Eatalytics";
			};
			name = Debug;
		};
		2FE4E2952A3A5F1400BA35CE /* Release */ = {
			isa = XCBuildConfiguration;
			buildSettings = {
				ALWAYS_EMBED_SWIFT_STANDARD_LIBRARIES = YES;
				BUNDLE_LOADER = "$(TEST_HOST)";
				CODE_SIGN_STYLE = Automatic;
				CURRENT_PROJECT_VERSION = 1;
				DEVELOPMENT_TEAM = T9RZ63AQR5;
				GENERATE_INFOPLIST_FILE = YES;
				IPHONEOS_DEPLOYMENT_TARGET = 16.4;
				MARKETING_VERSION = 1.0;
				PRODUCT_BUNDLE_IDENTIFIER = hm.EatalyticsTests;
				PRODUCT_NAME = "$(TARGET_NAME)";
				SWIFT_EMIT_LOC_STRINGS = NO;
				SWIFT_VERSION = 5.0;
				TARGETED_DEVICE_FAMILY = "1,2";
				TEST_HOST = "$(BUILT_PRODUCTS_DIR)/Eatalytics.app/$(BUNDLE_EXECUTABLE_FOLDER_PATH)/Eatalytics";
			};
			name = Release;
		};
		2FE4E2972A3A5F1400BA35CE /* Debug */ = {
			isa = XCBuildConfiguration;
			buildSettings = {
				ALWAYS_EMBED_SWIFT_STANDARD_LIBRARIES = YES;
				CODE_SIGN_STYLE = Automatic;
				CURRENT_PROJECT_VERSION = 1;
				DEVELOPMENT_TEAM = T9RZ63AQR5;
				GENERATE_INFOPLIST_FILE = YES;
				MARKETING_VERSION = 1.0;
				PRODUCT_BUNDLE_IDENTIFIER = hm.EatalyticsUITests;
				PRODUCT_NAME = "$(TARGET_NAME)";
				SWIFT_EMIT_LOC_STRINGS = NO;
				SWIFT_VERSION = 5.0;
				TARGETED_DEVICE_FAMILY = "1,2";
				TEST_TARGET_NAME = Eatalytics;
			};
			name = Debug;
		};
		2FE4E2982A3A5F1400BA35CE /* Release */ = {
			isa = XCBuildConfiguration;
			buildSettings = {
				ALWAYS_EMBED_SWIFT_STANDARD_LIBRARIES = YES;
				CODE_SIGN_STYLE = Automatic;
				CURRENT_PROJECT_VERSION = 1;
				DEVELOPMENT_TEAM = T9RZ63AQR5;
				GENERATE_INFOPLIST_FILE = YES;
				MARKETING_VERSION = 1.0;
				PRODUCT_BUNDLE_IDENTIFIER = hm.EatalyticsUITests;
				PRODUCT_NAME = "$(TARGET_NAME)";
				SWIFT_EMIT_LOC_STRINGS = NO;
				SWIFT_VERSION = 5.0;
				TARGETED_DEVICE_FAMILY = "1,2";
				TEST_TARGET_NAME = Eatalytics;
			};
			name = Release;
		};
/* End XCBuildConfiguration section */

/* Begin XCConfigurationList section */
		2FE4E2672A3A5F1100BA35CE /* Build configuration list for PBXProject "Eatalytics" */ = {
			isa = XCConfigurationList;
			buildConfigurations = (
				2FE4E28E2A3A5F1400BA35CE /* Debug */,
				2FE4E28F2A3A5F1400BA35CE /* Release */,
			);
			defaultConfigurationIsVisible = 0;
			defaultConfigurationName = Release;
		};
		2FE4E2902A3A5F1400BA35CE /* Build configuration list for PBXNativeTarget "Eatalytics" */ = {
			isa = XCConfigurationList;
			buildConfigurations = (
				2FE4E2912A3A5F1400BA35CE /* Debug */,
				2FE4E2922A3A5F1400BA35CE /* Release */,
			);
			defaultConfigurationIsVisible = 0;
			defaultConfigurationName = Release;
		};
		2FE4E2932A3A5F1400BA35CE /* Build configuration list for PBXNativeTarget "EatalyticsTests" */ = {
			isa = XCConfigurationList;
			buildConfigurations = (
				2FE4E2942A3A5F1400BA35CE /* Debug */,
				2FE4E2952A3A5F1400BA35CE /* Release */,
			);
			defaultConfigurationIsVisible = 0;
			defaultConfigurationName = Release;
		};
		2FE4E2962A3A5F1400BA35CE /* Build configuration list for PBXNativeTarget "EatalyticsUITests" */ = {
			isa = XCConfigurationList;
			buildConfigurations = (
				2FE4E2972A3A5F1400BA35CE /* Debug */,
				2FE4E2982A3A5F1400BA35CE /* Release */,
			);
			defaultConfigurationIsVisible = 0;
			defaultConfigurationName = Release;
		};
/* End XCConfigurationList section */

/* Begin XCRemoteSwiftPackageReference section */
		2FE4E2A02A3B8C8900BA35CE /* XCRemoteSwiftPackageReference "firebase-ios-sdk" */ = {
			isa = XCRemoteSwiftPackageReference;
			repositoryURL = "https://github.com/firebase/firebase-ios-sdk";
			requirement = {
				kind = upToNextMajorVersion;
				minimumVersion = 10.0.0;
			};
		};
/* End XCRemoteSwiftPackageReference section */

/* Begin XCSwiftPackageProductDependency section */
		2FE4E2A12A3B8C8900BA35CE /* FirebaseAuth */ = {
			isa = XCSwiftPackageProductDependency;
			package = 2FE4E2A02A3B8C8900BA35CE /* XCRemoteSwiftPackageReference "firebase-ios-sdk" */;
			productName = FirebaseAuth;
		};
/* End XCSwiftPackageProductDependency section */
	};
	rootObject = 2FE4E2642A3A5F1100BA35CE /* Project object */;
}
