// !$*UTF8*$!
{
	archiveVersion = 1;
	classes = {
	};
	objectVersion = 56;
	objects = {

/* Begin PBXBuildFile section */
		2F0355D42A5369580039E66C /* Assets.xcassets in Resources */ = {isa = PBXBuildFile; fileRef = 2F0355D32A5369580039E66C /* Assets.xcassets */; };
		2F0355D72A5369580039E66C /* Preview Assets.xcassets in Resources */ = {isa = PBXBuildFile; fileRef = 2F0355D62A5369580039E66C /* Preview Assets.xcassets */; };
		2F0355E12A5369580039E66C /* Eatalytics2Tests.swift in Sources */ = {isa = PBXBuildFile; fileRef = 2F0355E02A5369580039E66C /* Eatalytics2Tests.swift */; };
		2F0355EB2A5369580039E66C /* Eatalytics2UITests.swift in Sources */ = {isa = PBXBuildFile; fileRef = 2F0355EA2A5369580039E66C /* Eatalytics2UITests.swift */; };
		2F0355ED2A5369580039E66C /* Eatalytics2UITestsLaunchTests.swift in Sources */ = {isa = PBXBuildFile; fileRef = 2F0355EC2A5369580039E66C /* Eatalytics2UITestsLaunchTests.swift */; };
		2F0356032A536A7A0039E66C /* TabBar.swift in Sources */ = {isa = PBXBuildFile; fileRef = 2F0355F92A536A790039E66C /* TabBar.swift */; };
		2F0356052A536A7A0039E66C /* Item.swift in Sources */ = {isa = PBXBuildFile; fileRef = 2F0355FB2A536A790039E66C /* Item.swift */; };
		2F0356062A536A7A0039E66C /* TabButton.swift in Sources */ = {isa = PBXBuildFile; fileRef = 2F0355FC2A536A790039E66C /* TabButton.swift */; };
		2F0356072A536A7A0039E66C /* Dashboard.swift in Sources */ = {isa = PBXBuildFile; fileRef = 2F0355FD2A536A790039E66C /* Dashboard.swift */; };
		2F0356082A536A7A0039E66C /* TaskViewModel.swift in Sources */ = {isa = PBXBuildFile; fileRef = 2F0355FE2A536A790039E66C /* TaskViewModel.swift */; };
		2F03560A2A536A7A0039E66C /* CardView.swift in Sources */ = {isa = PBXBuildFile; fileRef = 2F0356002A536A790039E66C /* CardView.swift */; };
		2F03560B2A536A7A0039E66C /* Task.swift in Sources */ = {isa = PBXBuildFile; fileRef = 2F0356012A536A790039E66C /* Task.swift */; };
		2F03560C2A536A7A0039E66C /* Explore.swift in Sources */ = {isa = PBXBuildFile; fileRef = 2F0356022A536A7A0039E66C /* Explore.swift */; };
		2F03560E2A536A930039E66C /* SettingsView.swift in Sources */ = {isa = PBXBuildFile; fileRef = 2F03560D2A536A930039E66C /* SettingsView.swift */; };
		2F0356122A539AD70039E66C /* ContentView.swift in Sources */ = {isa = PBXBuildFile; fileRef = 2F0356112A539AD70039E66C /* ContentView.swift */; };
		2F2F9A912A539BB000305CC0 /* Eatalytics2App.swift in Sources */ = {isa = PBXBuildFile; fileRef = 2F2F9A902A539BB000305CC0 /* Eatalytics2App.swift */; };
		2F2F9A982A539C9900305CC0 /* Onboarding_2.swift in Sources */ = {isa = PBXBuildFile; fileRef = 2F2F9A942A539C9900305CC0 /* Onboarding_2.swift */; };
		2F2F9A992A539C9900305CC0 /* Onboarding_3.swift in Sources */ = {isa = PBXBuildFile; fileRef = 2F2F9A952A539C9900305CC0 /* Onboarding_3.swift */; };
		2F2F9A9A2A539C9900305CC0 /* Onboarding_4.swift in Sources */ = {isa = PBXBuildFile; fileRef = 2F2F9A962A539C9900305CC0 /* Onboarding_4.swift */; };
		2F2F9A9B2A539C9900305CC0 /* Onboarding_1.swift in Sources */ = {isa = PBXBuildFile; fileRef = 2F2F9A972A539C9900305CC0 /* Onboarding_1.swift */; };
		2F2F9A9D2A53A01700305CC0 /* GoogleService-Info.plist in Resources */ = {isa = PBXBuildFile; fileRef = 2F2F9A9C2A53A01600305CC0 /* GoogleService-Info.plist */; };
		2F2F9AC12A53A35C00305CC0 /* ViewHandler.swift in Sources */ = {isa = PBXBuildFile; fileRef = 2F2F9AC02A53A35C00305CC0 /* ViewHandler.swift */; };
		2F2F9ADB2A547D8F00305CC0 /* AuthViewModel.swift in Sources */ = {isa = PBXBuildFile; fileRef = 2F2F9ADA2A547D8F00305CC0 /* AuthViewModel.swift */; };
		2F2F9ADD2A547DB300305CC0 /* SignUpView.swift in Sources */ = {isa = PBXBuildFile; fileRef = 2F2F9ADC2A547DB300305CC0 /* SignUpView.swift */; };
		2F2F9ADF2A547DCC00305CC0 /* SignInView.swift in Sources */ = {isa = PBXBuildFile; fileRef = 2F2F9ADE2A547DCC00305CC0 /* SignInView.swift */; };
		2F2F9AE42A54818700305CC0 /* Inter.ttf in Resources */ = {isa = PBXBuildFile; fileRef = 2F2F9AE22A54818700305CC0 /* Inter.ttf */; };
		2F2F9AE52A54818700305CC0 /* Urbanist.ttf in Resources */ = {isa = PBXBuildFile; fileRef = 2F2F9AE32A54818700305CC0 /* Urbanist.ttf */; };
		2FAF306C2A661642005E7400 /* FirebaseAuth in Frameworks */ = {isa = PBXBuildFile; productRef = 2FAF306B2A661642005E7400 /* FirebaseAuth */; };
		2FAF306E2A661642005E7400 /* FirebaseAuthCombine-Community in Frameworks */ = {isa = PBXBuildFile; productRef = 2FAF306D2A661642005E7400 /* FirebaseAuthCombine-Community */; };
		2FAF30702A661642005E7400 /* FirebaseCrashlytics in Frameworks */ = {isa = PBXBuildFile; productRef = 2FAF306F2A661642005E7400 /* FirebaseCrashlytics */; };
		2FAF30722A661642005E7400 /* FirebaseFirestore in Frameworks */ = {isa = PBXBuildFile; productRef = 2FAF30712A661642005E7400 /* FirebaseFirestore */; };
		2FAF30742A661642005E7400 /* FirebaseFirestoreCombine-Community in Frameworks */ = {isa = PBXBuildFile; productRef = 2FAF30732A661642005E7400 /* FirebaseFirestoreCombine-Community */; };
		2FAF30762A661642005E7400 /* FirebaseFirestoreSwift in Frameworks */ = {isa = PBXBuildFile; productRef = 2FAF30752A661642005E7400 /* FirebaseFirestoreSwift */; };
/* End PBXBuildFile section */

/* Begin PBXContainerItemProxy section */
		2F0355DD2A5369580039E66C /* PBXContainerItemProxy */ = {
			isa = PBXContainerItemProxy;
			containerPortal = 2F0355C42A5369560039E66C /* Project object */;
			proxyType = 1;
			remoteGlobalIDString = 2F0355CB2A5369560039E66C;
			remoteInfo = Eatalytics2;
		};
		2F0355E72A5369580039E66C /* PBXContainerItemProxy */ = {
			isa = PBXContainerItemProxy;
			containerPortal = 2F0355C42A5369560039E66C /* Project object */;
			proxyType = 1;
			remoteGlobalIDString = 2F0355CB2A5369560039E66C;
			remoteInfo = Eatalytics2;
		};
/* End PBXContainerItemProxy section */

/* Begin PBXFileReference section */
		2F0355CC2A5369560039E66C /* Eatalytics.app */ = {isa = PBXFileReference; explicitFileType = wrapper.application; includeInIndex = 0; path = Eatalytics.app; sourceTree = BUILT_PRODUCTS_DIR; };
		2F0355D32A5369580039E66C /* Assets.xcassets */ = {isa = PBXFileReference; lastKnownFileType = folder.assetcatalog; path = Assets.xcassets; sourceTree = "<group>"; };
		2F0355D62A5369580039E66C /* Preview Assets.xcassets */ = {isa = PBXFileReference; lastKnownFileType = folder.assetcatalog; path = "Preview Assets.xcassets"; sourceTree = "<group>"; };
		2F0355DC2A5369580039E66C /* Eatalytics2Tests.xctest */ = {isa = PBXFileReference; explicitFileType = wrapper.cfbundle; includeInIndex = 0; path = Eatalytics2Tests.xctest; sourceTree = BUILT_PRODUCTS_DIR; };
		2F0355E02A5369580039E66C /* Eatalytics2Tests.swift */ = {isa = PBXFileReference; lastKnownFileType = sourcecode.swift; path = Eatalytics2Tests.swift; sourceTree = "<group>"; };
		2F0355E62A5369580039E66C /* Eatalytics2UITests.xctest */ = {isa = PBXFileReference; explicitFileType = wrapper.cfbundle; includeInIndex = 0; path = Eatalytics2UITests.xctest; sourceTree = BUILT_PRODUCTS_DIR; };
		2F0355EA2A5369580039E66C /* Eatalytics2UITests.swift */ = {isa = PBXFileReference; lastKnownFileType = sourcecode.swift; path = Eatalytics2UITests.swift; sourceTree = "<group>"; };
		2F0355EC2A5369580039E66C /* Eatalytics2UITestsLaunchTests.swift */ = {isa = PBXFileReference; lastKnownFileType = sourcecode.swift; path = Eatalytics2UITestsLaunchTests.swift; sourceTree = "<group>"; };
		2F0355F92A536A790039E66C /* TabBar.swift */ = {isa = PBXFileReference; fileEncoding = 4; lastKnownFileType = sourcecode.swift; path = TabBar.swift; sourceTree = "<group>"; };
		2F0355FB2A536A790039E66C /* Item.swift */ = {isa = PBXFileReference; fileEncoding = 4; lastKnownFileType = sourcecode.swift; path = Item.swift; sourceTree = "<group>"; };
		2F0355FC2A536A790039E66C /* TabButton.swift */ = {isa = PBXFileReference; fileEncoding = 4; lastKnownFileType = sourcecode.swift; path = TabButton.swift; sourceTree = "<group>"; };
		2F0355FD2A536A790039E66C /* Dashboard.swift */ = {isa = PBXFileReference; fileEncoding = 4; lastKnownFileType = sourcecode.swift; path = Dashboard.swift; sourceTree = "<group>"; };
		2F0355FE2A536A790039E66C /* TaskViewModel.swift */ = {isa = PBXFileReference; fileEncoding = 4; lastKnownFileType = sourcecode.swift; path = TaskViewModel.swift; sourceTree = "<group>"; };
		2F0356002A536A790039E66C /* CardView.swift */ = {isa = PBXFileReference; fileEncoding = 4; lastKnownFileType = sourcecode.swift; path = CardView.swift; sourceTree = "<group>"; };
		2F0356012A536A790039E66C /* Task.swift */ = {isa = PBXFileReference; fileEncoding = 4; lastKnownFileType = sourcecode.swift; path = Task.swift; sourceTree = "<group>"; };
		2F0356022A536A7A0039E66C /* Explore.swift */ = {isa = PBXFileReference; fileEncoding = 4; lastKnownFileType = sourcecode.swift; path = Explore.swift; sourceTree = "<group>"; };
		2F03560D2A536A930039E66C /* SettingsView.swift */ = {isa = PBXFileReference; lastKnownFileType = sourcecode.swift; path = SettingsView.swift; sourceTree = "<group>"; };
		2F0356112A539AD70039E66C /* ContentView.swift */ = {isa = PBXFileReference; fileEncoding = 4; lastKnownFileType = sourcecode.swift; path = ContentView.swift; sourceTree = "<group>"; };
		2F2F9A902A539BB000305CC0 /* Eatalytics2App.swift */ = {isa = PBXFileReference; fileEncoding = 4; lastKnownFileType = sourcecode.swift; path = Eatalytics2App.swift; sourceTree = "<group>"; };
		2F2F9A942A539C9900305CC0 /* Onboarding_2.swift */ = {isa = PBXFileReference; fileEncoding = 4; lastKnownFileType = sourcecode.swift; path = Onboarding_2.swift; sourceTree = "<group>"; };
		2F2F9A952A539C9900305CC0 /* Onboarding_3.swift */ = {isa = PBXFileReference; fileEncoding = 4; lastKnownFileType = sourcecode.swift; path = Onboarding_3.swift; sourceTree = "<group>"; };
		2F2F9A962A539C9900305CC0 /* Onboarding_4.swift */ = {isa = PBXFileReference; fileEncoding = 4; lastKnownFileType = sourcecode.swift; path = Onboarding_4.swift; sourceTree = "<group>"; };
		2F2F9A972A539C9900305CC0 /* Onboarding_1.swift */ = {isa = PBXFileReference; fileEncoding = 4; lastKnownFileType = sourcecode.swift; path = Onboarding_1.swift; sourceTree = "<group>"; };
		2F2F9A9C2A53A01600305CC0 /* GoogleService-Info.plist */ = {isa = PBXFileReference; fileEncoding = 4; lastKnownFileType = text.plist.xml; path = "GoogleService-Info.plist"; sourceTree = "<group>"; };
		2F2F9AC02A53A35C00305CC0 /* ViewHandler.swift */ = {isa = PBXFileReference; lastKnownFileType = sourcecode.swift; path = ViewHandler.swift; sourceTree = "<group>"; };
		2F2F9AC62A53A6EC00305CC0 /* Info.plist */ = {isa = PBXFileReference; lastKnownFileType = text.plist.xml; path = Info.plist; sourceTree = "<group>"; };
		2F2F9ADA2A547D8F00305CC0 /* AuthViewModel.swift */ = {isa = PBXFileReference; lastKnownFileType = sourcecode.swift; path = AuthViewModel.swift; sourceTree = "<group>"; };
		2F2F9ADC2A547DB300305CC0 /* SignUpView.swift */ = {isa = PBXFileReference; lastKnownFileType = sourcecode.swift; path = SignUpView.swift; sourceTree = "<group>"; };
		2F2F9ADE2A547DCC00305CC0 /* SignInView.swift */ = {isa = PBXFileReference; lastKnownFileType = sourcecode.swift; path = SignInView.swift; sourceTree = "<group>"; };
		2F2F9AE22A54818700305CC0 /* Inter.ttf */ = {isa = PBXFileReference; lastKnownFileType = file; path = Inter.ttf; sourceTree = "<group>"; };
		2F2F9AE32A54818700305CC0 /* Urbanist.ttf */ = {isa = PBXFileReference; lastKnownFileType = file; path = Urbanist.ttf; sourceTree = "<group>"; };
/* End PBXFileReference section */

/* Begin PBXFrameworksBuildPhase section */
		2F0355C92A5369560039E66C /* Frameworks */ = {
			isa = PBXFrameworksBuildPhase;
			buildActionMask = 2147483647;
			files = (
				2FAF30702A661642005E7400 /* FirebaseCrashlytics in Frameworks */,
				2FAF30722A661642005E7400 /* FirebaseFirestore in Frameworks */,
				2FAF306C2A661642005E7400 /* FirebaseAuth in Frameworks */,
				2FAF30742A661642005E7400 /* FirebaseFirestoreCombine-Community in Frameworks */,
				2FAF306E2A661642005E7400 /* FirebaseAuthCombine-Community in Frameworks */,
				2FAF30762A661642005E7400 /* FirebaseFirestoreSwift in Frameworks */,
			);
			runOnlyForDeploymentPostprocessing = 0;
		};
		2F0355D92A5369580039E66C /* Frameworks */ = {
			isa = PBXFrameworksBuildPhase;
			buildActionMask = 2147483647;
			files = (
			);
			runOnlyForDeploymentPostprocessing = 0;
		};
		2F0355E32A5369580039E66C /* Frameworks */ = {
			isa = PBXFrameworksBuildPhase;
			buildActionMask = 2147483647;
			files = (
			);
			runOnlyForDeploymentPostprocessing = 0;
		};
/* End PBXFrameworksBuildPhase section */

/* Begin PBXGroup section */
		2F0355C32A5369560039E66C = {
			isa = PBXGroup;
			children = (
				2F0355CE2A5369560039E66C /* Eatalytics2 */,
				2F0355DF2A5369580039E66C /* Eatalytics2Tests */,
				2F0355E92A5369580039E66C /* Eatalytics2UITests */,
				2F0355CD2A5369560039E66C /* Products */,
			);
			sourceTree = "<group>";
		};
		2F0355CD2A5369560039E66C /* Products */ = {
			isa = PBXGroup;
			children = (
				2F0355CC2A5369560039E66C /* Eatalytics.app */,
				2F0355DC2A5369580039E66C /* Eatalytics2Tests.xctest */,
				2F0355E62A5369580039E66C /* Eatalytics2UITests.xctest */,
			);
			name = Products;
			sourceTree = "<group>";
		};
		2F0355CE2A5369560039E66C /* Eatalytics2 */ = {
			isa = PBXGroup;
			children = (
				2F2F9A902A539BB000305CC0 /* Eatalytics2App.swift */,
				2F2F9A932A539C5800305CC0 /* Onboarding */,
				2F2F9AD32A547C9800305CC0 /* Registration */,
				2F0356112A539AD70039E66C /* ContentView.swift */,
				2F0356102A539A490039E66C /* Dashboard */,
				2F2F9A922A539BD200305CC0 /* Explore */,
				2F03560D2A536A930039E66C /* SettingsView.swift */,
				2F03560F2A539A0F0039E66C /* TabBar */,
				2F2F9AC22A53A53100305CC0 /* Assets */,
				2F2F9AC62A53A6EC00305CC0 /* Info.plist */,
				2F2F9A9C2A53A01600305CC0 /* GoogleService-Info.plist */,
				2F0355D52A5369580039E66C /* Preview Content */,
			);
			path = Eatalytics2;
			sourceTree = "<group>";
		};
		2F0355D52A5369580039E66C /* Preview Content */ = {
			isa = PBXGroup;
			children = (
				2F0355D62A5369580039E66C /* Preview Assets.xcassets */,
			);
			path = "Preview Content";
			sourceTree = "<group>";
		};
		2F0355DF2A5369580039E66C /* Eatalytics2Tests */ = {
			isa = PBXGroup;
			children = (
				2F0355E02A5369580039E66C /* Eatalytics2Tests.swift */,
			);
			path = Eatalytics2Tests;
			sourceTree = "<group>";
		};
		2F0355E92A5369580039E66C /* Eatalytics2UITests */ = {
			isa = PBXGroup;
			children = (
				2F0355EA2A5369580039E66C /* Eatalytics2UITests.swift */,
				2F0355EC2A5369580039E66C /* Eatalytics2UITestsLaunchTests.swift */,
			);
			path = Eatalytics2UITests;
			sourceTree = "<group>";
		};
		2F03560F2A539A0F0039E66C /* TabBar */ = {
			isa = PBXGroup;
			children = (
				2F0355F92A536A790039E66C /* TabBar.swift */,
				2F0355FC2A536A790039E66C /* TabButton.swift */,
			);
			path = TabBar;
			sourceTree = "<group>";
		};
		2F0356102A539A490039E66C /* Dashboard */ = {
			isa = PBXGroup;
			children = (
				2F0355FD2A536A790039E66C /* Dashboard.swift */,
				2F0356012A536A790039E66C /* Task.swift */,
				2F0355FE2A536A790039E66C /* TaskViewModel.swift */,
			);
			path = Dashboard;
			sourceTree = "<group>";
		};
		2F2F9A922A539BD200305CC0 /* Explore */ = {
			isa = PBXGroup;
			children = (
				2F0356002A536A790039E66C /* CardView.swift */,
				2F0356022A536A7A0039E66C /* Explore.swift */,
				2F0355FB2A536A790039E66C /* Item.swift */,
			);
			path = Explore;
			sourceTree = "<group>";
		};
		2F2F9A932A539C5800305CC0 /* Onboarding */ = {
			isa = PBXGroup;
			children = (
				2F2F9AC02A53A35C00305CC0 /* ViewHandler.swift */,
				2F2F9A972A539C9900305CC0 /* Onboarding_1.swift */,
				2F2F9A942A539C9900305CC0 /* Onboarding_2.swift */,
				2F2F9A952A539C9900305CC0 /* Onboarding_3.swift */,
				2F2F9A962A539C9900305CC0 /* Onboarding_4.swift */,
			);
			path = Onboarding;
			sourceTree = "<group>";
		};
		2F2F9AC22A53A53100305CC0 /* Assets */ = {
			isa = PBXGroup;
			children = (
				2F2F9AE22A54818700305CC0 /* Inter.ttf */,
				2F2F9AE32A54818700305CC0 /* Urbanist.ttf */,
				2F0355D32A5369580039E66C /* Assets.xcassets */,
			);
			path = Assets;
			sourceTree = "<group>";
		};
		2F2F9AD32A547C9800305CC0 /* Registration */ = {
			isa = PBXGroup;
			children = (
				2F2F9ADA2A547D8F00305CC0 /* AuthViewModel.swift */,
				2F2F9ADC2A547DB300305CC0 /* SignUpView.swift */,
				2F2F9ADE2A547DCC00305CC0 /* SignInView.swift */,
			);
			path = Registration;
			sourceTree = "<group>";
		};
/* End PBXGroup section */

/* Begin PBXNativeTarget section */
		2F0355CB2A5369560039E66C /* Eatalytics2 */ = {
			isa = PBXNativeTarget;
			buildConfigurationList = 2F0355F02A5369580039E66C /* Build configuration list for PBXNativeTarget "Eatalytics2" */;
			buildPhases = (
				2F0355C82A5369560039E66C /* Sources */,
				2F0355C92A5369560039E66C /* Frameworks */,
				2F0355CA2A5369560039E66C /* Resources */,
			);
			buildRules = (
			);
			dependencies = (
			);
			name = Eatalytics2;
			packageProductDependencies = (
				2FAF306B2A661642005E7400 /* FirebaseAuth */,
				2FAF306D2A661642005E7400 /* FirebaseAuthCombine-Community */,
				2FAF306F2A661642005E7400 /* FirebaseCrashlytics */,
				2FAF30712A661642005E7400 /* FirebaseFirestore */,
				2FAF30732A661642005E7400 /* FirebaseFirestoreCombine-Community */,
				2FAF30752A661642005E7400 /* FirebaseFirestoreSwift */,
			);
			productName = Eatalytics2;
			productReference = 2F0355CC2A5369560039E66C /* Eatalytics.app */;
			productType = "com.apple.product-type.application";
		};
		2F0355DB2A5369580039E66C /* Eatalytics2Tests */ = {
			isa = PBXNativeTarget;
			buildConfigurationList = 2F0355F32A5369580039E66C /* Build configuration list for PBXNativeTarget "Eatalytics2Tests" */;
			buildPhases = (
				2F0355D82A5369580039E66C /* Sources */,
				2F0355D92A5369580039E66C /* Frameworks */,
				2F0355DA2A5369580039E66C /* Resources */,
			);
			buildRules = (
			);
			dependencies = (
				2F0355DE2A5369580039E66C /* PBXTargetDependency */,
			);
			name = Eatalytics2Tests;
			productName = Eatalytics2Tests;
			productReference = 2F0355DC2A5369580039E66C /* Eatalytics2Tests.xctest */;
			productType = "com.apple.product-type.bundle.unit-test";
		};
		2F0355E52A5369580039E66C /* Eatalytics2UITests */ = {
			isa = PBXNativeTarget;
			buildConfigurationList = 2F0355F62A5369580039E66C /* Build configuration list for PBXNativeTarget "Eatalytics2UITests" */;
			buildPhases = (
				2F0355E22A5369580039E66C /* Sources */,
				2F0355E32A5369580039E66C /* Frameworks */,
				2F0355E42A5369580039E66C /* Resources */,
			);
			buildRules = (
			);
			dependencies = (
				2F0355E82A5369580039E66C /* PBXTargetDependency */,
			);
			name = Eatalytics2UITests;
			productName = Eatalytics2UITests;
			productReference = 2F0355E62A5369580039E66C /* Eatalytics2UITests.xctest */;
			productType = "com.apple.product-type.bundle.ui-testing";
		};
/* End PBXNativeTarget section */

/* Begin PBXProject section */
		2F0355C42A5369560039E66C /* Project object */ = {
			isa = PBXProject;
			attributes = {
				BuildIndependentTargetsInParallel = 1;
				LastSwiftUpdateCheck = 1430;
				LastUpgradeCheck = 1430;
				TargetAttributes = {
					2F0355CB2A5369560039E66C = {
						CreatedOnToolsVersion = 14.3.1;
					};
					2F0355DB2A5369580039E66C = {
						CreatedOnToolsVersion = 14.3.1;
						TestTargetID = 2F0355CB2A5369560039E66C;
					};
					2F0355E52A5369580039E66C = {
						CreatedOnToolsVersion = 14.3.1;
						TestTargetID = 2F0355CB2A5369560039E66C;
					};
				};
			};
			buildConfigurationList = 2F0355C72A5369560039E66C /* Build configuration list for PBXProject "Eatalytics2" */;
			compatibilityVersion = "Xcode 14.0";
			developmentRegion = en;
			hasScannedForEncodings = 0;
			knownRegions = (
				en,
				Base,
			);
			mainGroup = 2F0355C32A5369560039E66C;
			packageReferences = (
				2FAF306A2A661642005E7400 /* XCRemoteSwiftPackageReference "firebase-ios-sdk" */,
			);
			productRefGroup = 2F0355CD2A5369560039E66C /* Products */;
			projectDirPath = "";
			projectRoot = "";
			targets = (
				2F0355CB2A5369560039E66C /* Eatalytics2 */,
				2F0355DB2A5369580039E66C /* Eatalytics2Tests */,
				2F0355E52A5369580039E66C /* Eatalytics2UITests */,
			);
		};
/* End PBXProject section */

/* Begin PBXResourcesBuildPhase section */
		2F0355CA2A5369560039E66C /* Resources */ = {
			isa = PBXResourcesBuildPhase;
			buildActionMask = 2147483647;
			files = (
				2F0355D72A5369580039E66C /* Preview Assets.xcassets in Resources */,
				2F0355D42A5369580039E66C /* Assets.xcassets in Resources */,
				2F2F9A9D2A53A01700305CC0 /* GoogleService-Info.plist in Resources */,
				2F2F9AE42A54818700305CC0 /* Inter.ttf in Resources */,
				2F2F9AE52A54818700305CC0 /* Urbanist.ttf in Resources */,
			);
			runOnlyForDeploymentPostprocessing = 0;
		};
		2F0355DA2A5369580039E66C /* Resources */ = {
			isa = PBXResourcesBuildPhase;
			buildActionMask = 2147483647;
			files = (
			);
			runOnlyForDeploymentPostprocessing = 0;
		};
		2F0355E42A5369580039E66C /* Resources */ = {
			isa = PBXResourcesBuildPhase;
			buildActionMask = 2147483647;
			files = (
			);
			runOnlyForDeploymentPostprocessing = 0;
		};
/* End PBXResourcesBuildPhase section */

/* Begin PBXSourcesBuildPhase section */
		2F0355C82A5369560039E66C /* Sources */ = {
			isa = PBXSourcesBuildPhase;
			buildActionMask = 2147483647;
			files = (
				2F0356052A536A7A0039E66C /* Item.swift in Sources */,
				2F2F9A912A539BB000305CC0 /* Eatalytics2App.swift in Sources */,
				2F0356032A536A7A0039E66C /* TabBar.swift in Sources */,
				2F0356122A539AD70039E66C /* ContentView.swift in Sources */,
				2F2F9AC12A53A35C00305CC0 /* ViewHandler.swift in Sources */,
				2F03560B2A536A7A0039E66C /* Task.swift in Sources */,
				2F03560A2A536A7A0039E66C /* CardView.swift in Sources */,
				2F2F9ADB2A547D8F00305CC0 /* AuthViewModel.swift in Sources */,
				2F2F9A9A2A539C9900305CC0 /* Onboarding_4.swift in Sources */,
				2F0356062A536A7A0039E66C /* TabButton.swift in Sources */,
				2F2F9ADF2A547DCC00305CC0 /* SignInView.swift in Sources */,
				2F0356082A536A7A0039E66C /* TaskViewModel.swift in Sources */,
				2F2F9A982A539C9900305CC0 /* Onboarding_2.swift in Sources */,
				2F2F9A9B2A539C9900305CC0 /* Onboarding_1.swift in Sources */,
				2F0356072A536A7A0039E66C /* Dashboard.swift in Sources */,
				2F2F9A992A539C9900305CC0 /* Onboarding_3.swift in Sources */,
				2F03560C2A536A7A0039E66C /* Explore.swift in Sources */,
				2F2F9ADD2A547DB300305CC0 /* SignUpView.swift in Sources */,
				2F03560E2A536A930039E66C /* SettingsView.swift in Sources */,
			);
			runOnlyForDeploymentPostprocessing = 0;
		};
		2F0355D82A5369580039E66C /* Sources */ = {
			isa = PBXSourcesBuildPhase;
			buildActionMask = 2147483647;
			files = (
				2F0355E12A5369580039E66C /* Eatalytics2Tests.swift in Sources */,
			);
			runOnlyForDeploymentPostprocessing = 0;
		};
		2F0355E22A5369580039E66C /* Sources */ = {
			isa = PBXSourcesBuildPhase;
			buildActionMask = 2147483647;
			files = (
				2F0355ED2A5369580039E66C /* Eatalytics2UITestsLaunchTests.swift in Sources */,
				2F0355EB2A5369580039E66C /* Eatalytics2UITests.swift in Sources */,
			);
			runOnlyForDeploymentPostprocessing = 0;
		};
/* End PBXSourcesBuildPhase section */

/* Begin PBXTargetDependency section */
		2F0355DE2A5369580039E66C /* PBXTargetDependency */ = {
			isa = PBXTargetDependency;
			target = 2F0355CB2A5369560039E66C /* Eatalytics2 */;
			targetProxy = 2F0355DD2A5369580039E66C /* PBXContainerItemProxy */;
		};
		2F0355E82A5369580039E66C /* PBXTargetDependency */ = {
			isa = PBXTargetDependency;
			target = 2F0355CB2A5369560039E66C /* Eatalytics2 */;
			targetProxy = 2F0355E72A5369580039E66C /* PBXContainerItemProxy */;
		};
/* End PBXTargetDependency section */

/* Begin XCBuildConfiguration section */
		2F0355EE2A5369580039E66C /* Debug */ = {
			isa = XCBuildConfiguration;
			buildSettings = {
				ALWAYS_SEARCH_USER_PATHS = NO;
				CLANG_ANALYZER_NONNULL = YES;
				CLANG_ANALYZER_NUMBER_OBJECT_CONVERSION = YES_AGGRESSIVE;
				CLANG_CXX_LANGUAGE_STANDARD = "gnu++20";
				CLANG_ENABLE_MODULES = YES;
				CLANG_ENABLE_OBJC_ARC = YES;
				CLANG_ENABLE_OBJC_WEAK = YES;
				CLANG_WARN_BLOCK_CAPTURE_AUTORELEASING = YES;
				CLANG_WARN_BOOL_CONVERSION = YES;
				CLANG_WARN_COMMA = YES;
				CLANG_WARN_CONSTANT_CONVERSION = YES;
				CLANG_WARN_DEPRECATED_OBJC_IMPLEMENTATIONS = YES;
				CLANG_WARN_DIRECT_OBJC_ISA_USAGE = YES_ERROR;
				CLANG_WARN_DOCUMENTATION_COMMENTS = YES;
				CLANG_WARN_EMPTY_BODY = YES;
				CLANG_WARN_ENUM_CONVERSION = YES;
				CLANG_WARN_INFINITE_RECURSION = YES;
				CLANG_WARN_INT_CONVERSION = YES;
				CLANG_WARN_NON_LITERAL_NULL_CONVERSION = YES;
				CLANG_WARN_OBJC_IMPLICIT_RETAIN_SELF = YES;
				CLANG_WARN_OBJC_LITERAL_CONVERSION = YES;
				CLANG_WARN_OBJC_ROOT_CLASS = YES_ERROR;
				CLANG_WARN_QUOTED_INCLUDE_IN_FRAMEWORK_HEADER = YES;
				CLANG_WARN_RANGE_LOOP_ANALYSIS = YES;
				CLANG_WARN_STRICT_PROTOTYPES = YES;
				CLANG_WARN_SUSPICIOUS_MOVE = YES;
				CLANG_WARN_UNGUARDED_AVAILABILITY = YES_AGGRESSIVE;
				CLANG_WARN_UNREACHABLE_CODE = YES;
				CLANG_WARN__DUPLICATE_METHOD_MATCH = YES;
				COPY_PHASE_STRIP = NO;
				DEBUG_INFORMATION_FORMAT = dwarf;
				ENABLE_STRICT_OBJC_MSGSEND = YES;
				ENABLE_TESTABILITY = YES;
				GCC_C_LANGUAGE_STANDARD = gnu11;
				GCC_DYNAMIC_NO_PIC = NO;
				GCC_NO_COMMON_BLOCKS = YES;
				GCC_OPTIMIZATION_LEVEL = 0;
				GCC_PREPROCESSOR_DEFINITIONS = (
					"DEBUG=1",
					"$(inherited)",
				);
				GCC_WARN_64_TO_32_BIT_CONVERSION = YES;
				GCC_WARN_ABOUT_RETURN_TYPE = YES_ERROR;
				GCC_WARN_UNDECLARED_SELECTOR = YES;
				GCC_WARN_UNINITIALIZED_AUTOS = YES_AGGRESSIVE;
				GCC_WARN_UNUSED_FUNCTION = YES;
				GCC_WARN_UNUSED_VARIABLE = YES;
				IPHONEOS_DEPLOYMENT_TARGET = 16.0;
				MTL_ENABLE_DEBUG_INFO = INCLUDE_SOURCE;
				MTL_FAST_MATH = YES;
				ONLY_ACTIVE_ARCH = YES;
				SDKROOT = iphoneos;
				SWIFT_ACTIVE_COMPILATION_CONDITIONS = DEBUG;
				SWIFT_OPTIMIZATION_LEVEL = "-Onone";
			};
			name = Debug;
		};
		2F0355EF2A5369580039E66C /* Release */ = {
			isa = XCBuildConfiguration;
			buildSettings = {
				ALWAYS_SEARCH_USER_PATHS = NO;
				CLANG_ANALYZER_NONNULL = YES;
				CLANG_ANALYZER_NUMBER_OBJECT_CONVERSION = YES_AGGRESSIVE;
				CLANG_CXX_LANGUAGE_STANDARD = "gnu++20";
				CLANG_ENABLE_MODULES = YES;
				CLANG_ENABLE_OBJC_ARC = YES;
				CLANG_ENABLE_OBJC_WEAK = YES;
				CLANG_WARN_BLOCK_CAPTURE_AUTORELEASING = YES;
				CLANG_WARN_BOOL_CONVERSION = YES;
				CLANG_WARN_COMMA = YES;
				CLANG_WARN_CONSTANT_CONVERSION = YES;
				CLANG_WARN_DEPRECATED_OBJC_IMPLEMENTATIONS = YES;
				CLANG_WARN_DIRECT_OBJC_ISA_USAGE = YES_ERROR;
				CLANG_WARN_DOCUMENTATION_COMMENTS = YES;
				CLANG_WARN_EMPTY_BODY = YES;
				CLANG_WARN_ENUM_CONVERSION = YES;
				CLANG_WARN_INFINITE_RECURSION = YES;
				CLANG_WARN_INT_CONVERSION = YES;
				CLANG_WARN_NON_LITERAL_NULL_CONVERSION = YES;
				CLANG_WARN_OBJC_IMPLICIT_RETAIN_SELF = YES;
				CLANG_WARN_OBJC_LITERAL_CONVERSION = YES;
				CLANG_WARN_OBJC_ROOT_CLASS = YES_ERROR;
				CLANG_WARN_QUOTED_INCLUDE_IN_FRAMEWORK_HEADER = YES;
				CLANG_WARN_RANGE_LOOP_ANALYSIS = YES;
				CLANG_WARN_STRICT_PROTOTYPES = YES;
				CLANG_WARN_SUSPICIOUS_MOVE = YES;
				CLANG_WARN_UNGUARDED_AVAILABILITY = YES_AGGRESSIVE;
				CLANG_WARN_UNREACHABLE_CODE = YES;
				CLANG_WARN__DUPLICATE_METHOD_MATCH = YES;
				COPY_PHASE_STRIP = NO;
				DEBUG_INFORMATION_FORMAT = "dwarf-with-dsym";
				ENABLE_NS_ASSERTIONS = NO;
				ENABLE_STRICT_OBJC_MSGSEND = YES;
				GCC_C_LANGUAGE_STANDARD = gnu11;
				GCC_NO_COMMON_BLOCKS = YES;
				GCC_WARN_64_TO_32_BIT_CONVERSION = YES;
				GCC_WARN_ABOUT_RETURN_TYPE = YES_ERROR;
				GCC_WARN_UNDECLARED_SELECTOR = YES;
				GCC_WARN_UNINITIALIZED_AUTOS = YES_AGGRESSIVE;
				GCC_WARN_UNUSED_FUNCTION = YES;
				GCC_WARN_UNUSED_VARIABLE = YES;
				IPHONEOS_DEPLOYMENT_TARGET = 16.0;
				MTL_ENABLE_DEBUG_INFO = NO;
				MTL_FAST_MATH = YES;
				SDKROOT = iphoneos;
				SWIFT_COMPILATION_MODE = wholemodule;
				SWIFT_OPTIMIZATION_LEVEL = "-O";
				VALIDATE_PRODUCT = YES;
			};
			name = Release;
		};
		2F0355F12A5369580039E66C /* Debug */ = {
			isa = XCBuildConfiguration;
			buildSettings = {
				ASSETCATALOG_COMPILER_APPICON_NAME = AppIcon;
				ASSETCATALOG_COMPILER_GLOBAL_ACCENT_COLOR_NAME = AccentColor;
				CODE_SIGN_STYLE = Automatic;
				CURRENT_PROJECT_VERSION = 1;
				DEVELOPMENT_ASSET_PATHS = "\"Eatalytics2/Preview Content\"";
				DEVELOPMENT_TEAM = T9RZ63AQR5;
				ENABLE_PREVIEWS = YES;
				GENERATE_INFOPLIST_FILE = YES;
				INFOPLIST_FILE = Eatalytics2/Info.plist;
				INFOPLIST_KEY_UIApplicationSceneManifest_Generation = YES;
				INFOPLIST_KEY_UIApplicationSupportsIndirectInputEvents = YES;
				INFOPLIST_KEY_UILaunchScreen_Generation = YES;
				INFOPLIST_KEY_UISupportedInterfaceOrientations_iPad = "UIInterfaceOrientationPortrait UIInterfaceOrientationPortraitUpsideDown UIInterfaceOrientationLandscapeLeft UIInterfaceOrientationLandscapeRight";
				INFOPLIST_KEY_UISupportedInterfaceOrientations_iPhone = "UIInterfaceOrientationPortrait UIInterfaceOrientationLandscapeLeft UIInterfaceOrientationLandscapeRight";
				IPHONEOS_DEPLOYMENT_TARGET = 16.0;
				LD_RUNPATH_SEARCH_PATHS = (
					"$(inherited)",
					"@executable_path/Frameworks",
				);
				MARKETING_VERSION = 1.0;
				PRODUCT_BUNDLE_IDENTIFIER = hm.Eatalytics2;
				PRODUCT_NAME = Eatalytics;
				SWIFT_EMIT_LOC_STRINGS = YES;
				SWIFT_VERSION = 5.0;
				TARGETED_DEVICE_FAMILY = "1,2";
			};
			name = Debug;
		};
		2F0355F22A5369580039E66C /* Release */ = {
			isa = XCBuildConfiguration;
			buildSettings = {
				ASSETCATALOG_COMPILER_APPICON_NAME = AppIcon;
				ASSETCATALOG_COMPILER_GLOBAL_ACCENT_COLOR_NAME = AccentColor;
				CODE_SIGN_STYLE = Automatic;
				CURRENT_PROJECT_VERSION = 1;
				DEVELOPMENT_ASSET_PATHS = "\"Eatalytics2/Preview Content\"";
				DEVELOPMENT_TEAM = T9RZ63AQR5;
				ENABLE_PREVIEWS = YES;
				GENERATE_INFOPLIST_FILE = YES;
				INFOPLIST_FILE = Eatalytics2/Info.plist;
				INFOPLIST_KEY_UIApplicationSceneManifest_Generation = YES;
				INFOPLIST_KEY_UIApplicationSupportsIndirectInputEvents = YES;
				INFOPLIST_KEY_UILaunchScreen_Generation = YES;
				INFOPLIST_KEY_UISupportedInterfaceOrientations_iPad = "UIInterfaceOrientationPortrait UIInterfaceOrientationPortraitUpsideDown UIInterfaceOrientationLandscapeLeft UIInterfaceOrientationLandscapeRight";
				INFOPLIST_KEY_UISupportedInterfaceOrientations_iPhone = "UIInterfaceOrientationPortrait UIInterfaceOrientationLandscapeLeft UIInterfaceOrientationLandscapeRight";
				IPHONEOS_DEPLOYMENT_TARGET = 16.0;
				LD_RUNPATH_SEARCH_PATHS = (
					"$(inherited)",
					"@executable_path/Frameworks",
				);
				MARKETING_VERSION = 1.0;
				PRODUCT_BUNDLE_IDENTIFIER = hm.Eatalytics2;
				PRODUCT_NAME = Eatalytics;
				SWIFT_EMIT_LOC_STRINGS = YES;
				SWIFT_VERSION = 5.0;
				TARGETED_DEVICE_FAMILY = "1,2";
			};
			name = Release;
		};
		2F0355F42A5369580039E66C /* Debug */ = {
			isa = XCBuildConfiguration;
			buildSettings = {
				ALWAYS_EMBED_SWIFT_STANDARD_LIBRARIES = YES;
				BUNDLE_LOADER = "$(TEST_HOST)";
				CODE_SIGN_STYLE = Automatic;
				CURRENT_PROJECT_VERSION = 1;
				DEVELOPMENT_TEAM = T9RZ63AQR5;
				GENERATE_INFOPLIST_FILE = YES;
				IPHONEOS_DEPLOYMENT_TARGET = 16.4;
				MARKETING_VERSION = 1.0;
				PRODUCT_BUNDLE_IDENTIFIER = hm.Eatalytics2Tests;
				PRODUCT_NAME = "$(TARGET_NAME)";
				SWIFT_EMIT_LOC_STRINGS = NO;
				SWIFT_VERSION = 5.0;
				TARGETED_DEVICE_FAMILY = "1,2";
				TEST_HOST = "$(BUILT_PRODUCTS_DIR)/Eatalytics2.app/$(BUNDLE_EXECUTABLE_FOLDER_PATH)/Eatalytics2";
			};
			name = Debug;
		};
		2F0355F52A5369580039E66C /* Release */ = {
			isa = XCBuildConfiguration;
			buildSettings = {
				ALWAYS_EMBED_SWIFT_STANDARD_LIBRARIES = YES;
				BUNDLE_LOADER = "$(TEST_HOST)";
				CODE_SIGN_STYLE = Automatic;
				CURRENT_PROJECT_VERSION = 1;
				DEVELOPMENT_TEAM = T9RZ63AQR5;
				GENERATE_INFOPLIST_FILE = YES;
				IPHONEOS_DEPLOYMENT_TARGET = 16.4;
				MARKETING_VERSION = 1.0;
				PRODUCT_BUNDLE_IDENTIFIER = hm.Eatalytics2Tests;
				PRODUCT_NAME = "$(TARGET_NAME)";
				SWIFT_EMIT_LOC_STRINGS = NO;
				SWIFT_VERSION = 5.0;
				TARGETED_DEVICE_FAMILY = "1,2";
				TEST_HOST = "$(BUILT_PRODUCTS_DIR)/Eatalytics2.app/$(BUNDLE_EXECUTABLE_FOLDER_PATH)/Eatalytics2";
			};
			name = Release;
		};
		2F0355F72A5369580039E66C /* Debug */ = {
			isa = XCBuildConfiguration;
			buildSettings = {
				ALWAYS_EMBED_SWIFT_STANDARD_LIBRARIES = YES;
				CODE_SIGN_STYLE = Automatic;
				CURRENT_PROJECT_VERSION = 1;
				DEVELOPMENT_TEAM = T9RZ63AQR5;
				GENERATE_INFOPLIST_FILE = YES;
				MARKETING_VERSION = 1.0;
				PRODUCT_BUNDLE_IDENTIFIER = hm.Eatalytics2UITests;
				PRODUCT_NAME = "$(TARGET_NAME)";
				SWIFT_EMIT_LOC_STRINGS = NO;
				SWIFT_VERSION = 5.0;
				TARGETED_DEVICE_FAMILY = "1,2";
				TEST_TARGET_NAME = Eatalytics2;
			};
			name = Debug;
		};
		2F0355F82A5369580039E66C /* Release */ = {
			isa = XCBuildConfiguration;
			buildSettings = {
				ALWAYS_EMBED_SWIFT_STANDARD_LIBRARIES = YES;
				CODE_SIGN_STYLE = Automatic;
				CURRENT_PROJECT_VERSION = 1;
				DEVELOPMENT_TEAM = T9RZ63AQR5;
				GENERATE_INFOPLIST_FILE = YES;
				MARKETING_VERSION = 1.0;
				PRODUCT_BUNDLE_IDENTIFIER = hm.Eatalytics2UITests;
				PRODUCT_NAME = "$(TARGET_NAME)";
				SWIFT_EMIT_LOC_STRINGS = NO;
				SWIFT_VERSION = 5.0;
				TARGETED_DEVICE_FAMILY = "1,2";
				TEST_TARGET_NAME = Eatalytics2;
			};
			name = Release;
		};
/* End XCBuildConfiguration section */

/* Begin XCConfigurationList section */
		2F0355C72A5369560039E66C /* Build configuration list for PBXProject "Eatalytics2" */ = {
			isa = XCConfigurationList;
			buildConfigurations = (
				2F0355EE2A5369580039E66C /* Debug */,
				2F0355EF2A5369580039E66C /* Release */,
			);
			defaultConfigurationIsVisible = 0;
			defaultConfigurationName = Release;
		};
		2F0355F02A5369580039E66C /* Build configuration list for PBXNativeTarget "Eatalytics2" */ = {
			isa = XCConfigurationList;
			buildConfigurations = (
				2F0355F12A5369580039E66C /* Debug */,
				2F0355F22A5369580039E66C /* Release */,
			);
			defaultConfigurationIsVisible = 0;
			defaultConfigurationName = Release;
		};
		2F0355F32A5369580039E66C /* Build configuration list for PBXNativeTarget "Eatalytics2Tests" */ = {
			isa = XCConfigurationList;
			buildConfigurations = (
				2F0355F42A5369580039E66C /* Debug */,
				2F0355F52A5369580039E66C /* Release */,
			);
			defaultConfigurationIsVisible = 0;
			defaultConfigurationName = Release;
		};
		2F0355F62A5369580039E66C /* Build configuration list for PBXNativeTarget "Eatalytics2UITests" */ = {
			isa = XCConfigurationList;
			buildConfigurations = (
				2F0355F72A5369580039E66C /* Debug */,
				2F0355F82A5369580039E66C /* Release */,
			);
			defaultConfigurationIsVisible = 0;
			defaultConfigurationName = Release;
		};
/* End XCConfigurationList section */

/* Begin XCRemoteSwiftPackageReference section */
		2FAF306A2A661642005E7400 /* XCRemoteSwiftPackageReference "firebase-ios-sdk" */ = {
			isa = XCRemoteSwiftPackageReference;
			repositoryURL = "https://github.com/firebase/firebase-ios-sdk";
			requirement = {
				kind = upToNextMajorVersion;
				minimumVersion = 10.0.0;
			};
		};
/* End XCRemoteSwiftPackageReference section */

/* Begin XCSwiftPackageProductDependency section */
		2FAF306B2A661642005E7400 /* FirebaseAuth */ = {
			isa = XCSwiftPackageProductDependency;
			package = 2FAF306A2A661642005E7400 /* XCRemoteSwiftPackageReference "firebase-ios-sdk" */;
			productName = FirebaseAuth;
		};
		2FAF306D2A661642005E7400 /* FirebaseAuthCombine-Community */ = {
			isa = XCSwiftPackageProductDependency;
			package = 2FAF306A2A661642005E7400 /* XCRemoteSwiftPackageReference "firebase-ios-sdk" */;
			productName = "FirebaseAuthCombine-Community";
		};
		2FAF306F2A661642005E7400 /* FirebaseCrashlytics */ = {
			isa = XCSwiftPackageProductDependency;
			package = 2FAF306A2A661642005E7400 /* XCRemoteSwiftPackageReference "firebase-ios-sdk" */;
			productName = FirebaseCrashlytics;
		};
		2FAF30712A661642005E7400 /* FirebaseFirestore */ = {
			isa = XCSwiftPackageProductDependency;
			package = 2FAF306A2A661642005E7400 /* XCRemoteSwiftPackageReference "firebase-ios-sdk" */;
			productName = FirebaseFirestore;
		};
		2FAF30732A661642005E7400 /* FirebaseFirestoreCombine-Community */ = {
			isa = XCSwiftPackageProductDependency;
			package = 2FAF306A2A661642005E7400 /* XCRemoteSwiftPackageReference "firebase-ios-sdk" */;
			productName = "FirebaseFirestoreCombine-Community";
		};
		2FAF30752A661642005E7400 /* FirebaseFirestoreSwift */ = {
			isa = XCSwiftPackageProductDependency;
			package = 2FAF306A2A661642005E7400 /* XCRemoteSwiftPackageReference "firebase-ios-sdk" */;
			productName = FirebaseFirestoreSwift;
		};
/* End XCSwiftPackageProductDependency section */
	};
	rootObject = 2F0355C42A5369560039E66C /* Project object */;
}
